
Microsoft Visual Studio Solution File, Format Version 12.00
# Visual Studio 14
VisualStudioVersion = 14.0.25420.1
MinimumVisualStudioVersion = 10.0.40219.1
Project("{8BC9CEB8-8B4A-11D0-8D11-00A0C91BC942}") = "PBR01_PointLight", "PBR01_PointLight\PBR01_PointLight\PBR01_PointLight.vcxproj", "{C5B1492F-EC6A-4024-B565-4C4B674CF9D2}"
EndProject
Project("{8BC9CEB8-8B4A-11D0-8D11-00A0C91BC942}") = "PBR02_LightProbe", "PBR02_LightProbe\PBR02_LightProbe\PBR02_LightProbe.vcxproj", "{0FB77DC0-CF65-42AE-B881-648E6A1D833A}"
EndProject
Project("{8BC9CEB8-8B4A-11D0-8D11-00A0C91BC942}") = "PBR03_PathTracing", "PBR03_PathTracing\PBR03_PathTracing\PBR03_PathTracing.vcxproj", "{CF046A0A-2E56-4170-9A7C-766A278C557F}"
EndProject
Project("{8BC9CEB8-8B4A-11D0-8D11-00A0C91BC942}") = "GFX01_ShadowVolume", "GFX01_ShadowVolume\GFX01_ShadowVolume\GFX01_ShadowVolume.vcxproj", "{40DDB7F7-3E9A-4175-8084-425C961AB149}"
EndProject
Project("{8BC9CEB8-8B4A-11D0-8D11-00A0C91BC942}") = "GFX02_ShadowMapping", "GFX02_ShadowMapping\GFX02_ShadowMapping\GFX02_ShadowMapping.vcxproj", "{385051F0-CFA3-4FB9-8BEA-95897EF7F22A}"
EndProject
Project("{8BC9CEB8-8B4A-11D0-8D11-00A0C91BC942}") = "GFX03_DeferredLighting", "GFX03_DeferredLighting\GFX03_DeferredLighting\GFX03_DeferredLighting.vcxproj", "{E9954BC9-2D66-4BA3-8186-F3F73B7E8B51}"
EndProject
Global
	GlobalSection(SolutionConfigurationPlatforms) = preSolution
		Debug|x64 = Debug|x64
		Release|x64 = Release|x64
	EndGlobalSection
	GlobalSection(ProjectConfigurationPlatforms) = postSolution
		{C5B1492F-EC6A-4024-B565-4C4B674CF9D2}.Debug|x64.ActiveCfg = Debug|x64
		{C5B1492F-EC6A-4024-B565-4C4B674CF9D2}.Debug|x64.Build.0 = Debug|x64
		{C5B1492F-EC6A-4024-B565-4C4B674CF9D2}.Release|x64.ActiveCfg = Release|x64
		{C5B1492F-EC6A-4024-B565-4C4B674CF9D2}.Release|x64.Build.0 = Release|x64
		{0FB77DC0-CF65-42AE-B881-648E6A1D833A}.Debug|x64.ActiveCfg = Debug|x64
		{0FB77DC0-CF65-42AE-B881-648E6A1D833A}.Debug|x64.Build.0 = Debug|x64
		{0FB77DC0-CF65-42AE-B881-648E6A1D833A}.Release|x64.ActiveCfg = Release|x64
		{0FB77DC0-CF65-42AE-B881-648E6A1D833A}.Release|x64.Build.0 = Release|x64
		{CF046A0A-2E56-4170-9A7C-766A278C557F}.Debug|x64.ActiveCfg = Debug|x64
		{CF046A0A-2E56-4170-9A7C-766A278C557F}.Debug|x64.Build.0 = Debug|x64
		{CF046A0A-2E56-4170-9A7C-766A278C557F}.Release|x64.ActiveCfg = Release|x64
		{CF046A0A-2E56-4170-9A7C-766A278C557F}.Release|x64.Build.0 = Release|x64
		{40DDB7F7-3E9A-4175-8084-425C961AB149}.Debug|x64.ActiveCfg = Debug|x64
		{40DDB7F7-3E9A-4175-8084-425C961AB149}.Debug|x64.Build.0 = Debug|x64
		{40DDB7F7-3E9A-4175-8084-425C961AB149}.Release|x64.ActiveCfg = Release|x64
		{40DDB7F7-3E9A-4175-8084-425C961AB149}.Release|x64.Build.0 = Release|x64
		{385051F0-CFA3-4FB9-8BEA-95897EF7F22A}.Debug|x64.ActiveCfg = Debug|x64
		{385051F0-CFA3-4FB9-8BEA-95897EF7F22A}.Debug|x64.Build.0 = Debug|x64
		{385051F0-CFA3-4FB9-8BEA-95897EF7F22A}.Release|x64.ActiveCfg = Release|x64
		{385051F0-CFA3-4FB9-8BEA-95897EF7F22A}.Release|x64.Build.0 = Release|x64
		{E9954BC9-2D66-4BA3-8186-F3F73B7E8B51}.Debug|x64.ActiveCfg = Debug|x64
		{E9954BC9-2D66-4BA3-8186-F3F73B7E8B51}.Debug|x64.Build.0 = Debug|x64
		{E9954BC9-2D66-4BA3-8186-F3F73B7E8B51}.Release|x64.ActiveCfg = Release|x64
		{E9954BC9-2D66-4BA3-8186-F3F73B7E8B51}.Release|x64.Build.0 = Release|x64
	EndGlobalSection
	GlobalSection(SolutionProperties) = preSolution
		HideSolutionNode = FALSE
	EndGlobalSection
EndGlobal
