<?xml version="1.0" encoding="utf-8"?>
<Project ToolsVersion="4.0" xmlns="http://schemas.microsoft.com/developer/msbuild/2003">
  <ItemGroup>
    <ClCompile Include="main.cpp" />
    <ClCompile Include="MyApp.cpp" />
    <ClCompile Include="T:\OGLPack\include\imgui\imgui.cpp">
      <Filter>Extern\imgui</Filter>
    </ClCompile>
    <ClCompile Include="T:\OGLPack\include\imgui\imgui_draw.cpp">
      <Filter>Extern\imgui</Filter>
    </ClCompile>
    <ClCompile Include="T:\OGLPack\include\imgui\imgui_impl_sdl_gl3.cpp">
      <Filter>Extern\imgui</Filter>
    </ClCompile>
    <ClCompile Include="..\..\Framework\TextureUtils.cpp">
      <Filter>Framework</Filter>
    </ClCompile>
    <ClCompile Include="..\..\Framework\dds.cpp">
      <Filter>Framework</Filter>
    </ClCompile>
    <ClCompile Include="..\..\Framework\GeometryUtils.cpp">
      <Filter>Framework</Filter>
    </ClCompile>
    <ClCompile Include="..\..\Framework\ShaderUtils.cpp">
      <Filter>Framework</Filter>
    </ClCompile>
    <ClCompile Include="..\..\Framework\ArcballCamera.cpp">
      <Filter>Framework</Filter>
    </ClCompile>
  </ItemGroup>
  <ItemGroup>
    <ClInclude Include="MyApp.h" />
    <ClInclude Include="..\..\Framework\TextureUtils.h">
      <Filter>Framework</Filter>
    </ClInclude>
    <ClInclude Include="..\..\Framework\dds.h">
      <Filter>Framework</Filter>
    </ClInclude>
    <ClInclude Include="..\..\Framework\GeometryUtils.h">
      <Filter>Framework</Filter>
    </ClInclude>
    <ClInclude Include="..\..\Framework\ShaderUtils.h">
      <Filter>Framework</Filter>
    </ClInclude>
    <ClInclude Include="..\..\Framework\ArcballCamera.h">
      <Filter>Framework</Filter>
    </ClInclude>
  </ItemGroup>
  <ItemGroup>
    <Filter Include="Extern">
      <UniqueIdentifier>{06480583-3a17-4fcd-8bfa-8cff7dbd2595}</UniqueIdentifier>
    </Filter>
    <Filter Include="Extern\imgui">
      <UniqueIdentifier>{06b2a2e6-3a4e-4a7b-9496-94e948fe976e}</UniqueIdentifier>
    </Filter>
    <Filter Include="Framework">
      <UniqueIdentifier>{ba13358e-6e88-4df0-b538-0c3bb1720c30}</UniqueIdentifier>
    </Filter>
    <Filter Include="Shaders">
      <UniqueIdentifier>{fa981c37-15cb-4f9b-9667-88f931d947a4}</UniqueIdentifier>
    </Filter>
  </ItemGroup>
  <ItemGroup>
    <None Include="..\..\Media\Shaders\screenquad.vert">
      <Filter>Shaders</Filter>
    </None>
    <None Include="..\..\Media\Shaders\tonemap.frag">
      <Filter>Shaders</Filter>
    </None>
    <None Include="..\..\Media\Shaders\pathtracer.frag">
      <Filter>Shaders</Filter>
    </None>
  </ItemGroup>
</Project>